
Microsoft Visual Studio Solution File, Format Version 12.00
# Visual Studio Version 16
VisualStudioVersion = 16.0.31624.102
MinimumVisualStudioVersion = 10.0.40219.1
Project("{FAE04EC0-301F-11D3-BF4B-00C04F79EFBC}") = "Adec-Practical-Exam", "Adec-Practical-Exam.csproj", "{DB68FC30-5D18-4307-97CB-6B82A753CFAE}"
EndProject
Global
	GlobalSection(SolutionConfigurationPlatforms) = preSolution
		Debug|Any CPU = Debug|Any CPU
		Release|Any CPU = Release|Any CPU
	EndGlobalSection
	GlobalSection(ProjectConfigurationPlatforms) = postSolution
		{DB68FC30-5D18-4307-97CB-6B82A753CFAE}.Debug|Any CPU.ActiveCfg = Debug|Any CPU
		{DB68FC30-5D18-4307-97CB-6B82A753CFAE}.Debug|Any CPU.Build.0 = Debug|Any CPU
		{DB68FC30-5D18-4307-97CB-6B82A753CFAE}.Release|Any CPU.ActiveCfg = Release|Any CPU
		{DB68FC30-5D18-4307-97CB-6B82A753CFAE}.Release|Any CPU.Build.0 = Release|Any CPU
	EndGlobalSection
	GlobalSection(SolutionProperties) = preSolution
		HideSolutionNode = FALSE
	EndGlobalSection
	GlobalSection(ExtensibilityGlobals) = postSolution
		SolutionGuid = {0684546E-6815-4749-A5B4-D47150C7BD22}
	EndGlobalSection
EndGlobal
